// !$*UTF8*$!
{
	archiveVersion = 1;
	classes = {
	};
	objectVersion = 55;
	objects = {

/* Begin PBXBuildFile section */
		4B7130A22808C565004E52A4 /* AppDelegate.swift in Sources */ = {isa = PBXBuildFile; fileRef = 4B7130A12808C565004E52A4 /* AppDelegate.swift */; };
		4B7130A42808C565004E52A4 /* SceneDelegate.swift in Sources */ = {isa = PBXBuildFile; fileRef = 4B7130A32808C565004E52A4 /* SceneDelegate.swift */; };
		4B7130A62808C565004E52A4 /* ViewController.swift in Sources */ = {isa = PBXBuildFile; fileRef = 4B7130A52808C565004E52A4 /* ViewController.swift */; };
		4B7130A92808C565004E52A4 /* Main.storyboard in Resources */ = {isa = PBXBuildFile; fileRef = 4B7130A72808C565004E52A4 /* Main.storyboard */; };
		4B7130AC2808C565004E52A4 /* PageViewController.xcdatamodeld in Sources */ = {isa = PBXBuildFile; fileRef = 4B7130AA2808C565004E52A4 /* PageViewController.xcdatamodeld */; };
		4B7130AE2808C568004E52A4 /* Assets.xcassets in Resources */ = {isa = PBXBuildFile; fileRef = 4B7130AD2808C568004E52A4 /* Assets.xcassets */; };
		4B7130B12808C568004E52A4 /* LaunchScreen.storyboard in Resources */ = {isa = PBXBuildFile; fileRef = 4B7130AF2808C568004E52A4 /* LaunchScreen.storyboard */; };
		4B7130BC2808C568004E52A4 /* PageViewControllerTests.swift in Sources */ = {isa = PBXBuildFile; fileRef = 4B7130BB2808C568004E52A4 /* PageViewControllerTests.swift */; };
		4B7130C62808C568004E52A4 /* PageViewControllerUITests.swift in Sources */ = {isa = PBXBuildFile; fileRef = 4B7130C52808C568004E52A4 /* PageViewControllerUITests.swift */; };
		4B7130C82808C568004E52A4 /* PageViewControllerUITestsLaunchTests.swift in Sources */ = {isa = PBXBuildFile; fileRef = 4B7130C72808C568004E52A4 /* PageViewControllerUITestsLaunchTests.swift */; };
		4B7130D52808C5DB004E52A4 /* CreateAccountPopupModel.swift in Sources */ = {isa = PBXBuildFile; fileRef = 4B7130D42808C5DB004E52A4 /* CreateAccountPopupModel.swift */; };
		4B7130DA2808C5F2004E52A4 /* CreateAccountPageViewController.xib in Resources */ = {isa = PBXBuildFile; fileRef = 4B7130D62808C5F2004E52A4 /* CreateAccountPageViewController.xib */; };
		4B7130DB2808C5F2004E52A4 /* CreateAccountPopupViewController.xib in Resources */ = {isa = PBXBuildFile; fileRef = 4B7130D72808C5F2004E52A4 /* CreateAccountPopupViewController.xib */; };
		4B7130DC2808C5F2004E52A4 /* CreateAccountPopupViewController.swift in Sources */ = {isa = PBXBuildFile; fileRef = 4B7130D82808C5F2004E52A4 /* CreateAccountPopupViewController.swift */; };
		4B7130DD2808C5F2004E52A4 /* CreateAccountPageViewController.swift in Sources */ = {isa = PBXBuildFile; fileRef = 4B7130D92808C5F2004E52A4 /* CreateAccountPageViewController.swift */; };
		4B7130E02808C756004E52A4 /* EpicImageLabelStackView.swift in Sources */ = {isa = PBXBuildFile; fileRef = 4B7130DE2808C756004E52A4 /* EpicImageLabelStackView.swift */; };
		4B7130E12808C756004E52A4 /* EpicImageLabelStackView.xib in Resources */ = {isa = PBXBuildFile; fileRef = 4B7130DF2808C756004E52A4 /* EpicImageLabelStackView.xib */; };
		4B7130E32808C85A004E52A4 /* EpicTimerModel.swift in Sources */ = {isa = PBXBuildFile; fileRef = 4B7130E22808C85A004E52A4 /* EpicTimerModel.swift */; };
		4B7130E52808C88C004E52A4 /* ScrollFormViewController.swift in Sources */ = {isa = PBXBuildFile; fileRef = 4B7130E42808C88C004E52A4 /* ScrollFormViewController.swift */; };
		4B7130ED2808CCAE004E52A4 /* ExtensionUIView.swift in Sources */ = {isa = PBXBuildFile; fileRef = 4B7130EC2808CCAE004E52A4 /* ExtensionUIView.swift */; };
/* End PBXBuildFile section */

/* Begin PBXContainerItemProxy section */
		4B7130B82808C568004E52A4 /* PBXContainerItemProxy */ = {
			isa = PBXContainerItemProxy;
			containerPortal = 4B7130962808C564004E52A4 /* Project object */;
			proxyType = 1;
			remoteGlobalIDString = 4B71309D2808C565004E52A4;
			remoteInfo = PageViewController;
		};
		4B7130C22808C568004E52A4 /* PBXContainerItemProxy */ = {
			isa = PBXContainerItemProxy;
			containerPortal = 4B7130962808C564004E52A4 /* Project object */;
			proxyType = 1;
			remoteGlobalIDString = 4B71309D2808C565004E52A4;
			remoteInfo = PageViewController;
		};
/* End PBXContainerItemProxy section */

/* Begin PBXFileReference section */
		4B71309E2808C565004E52A4 /* PageViewController.app */ = {isa = PBXFileReference; explicitFileType = wrapper.application; includeInIndex = 0; path = PageViewController.app; sourceTree = BUILT_PRODUCTS_DIR; };
		4B7130A12808C565004E52A4 /* AppDelegate.swift */ = {isa = PBXFileReference; lastKnownFileType = sourcecode.swift; path = AppDelegate.swift; sourceTree = "<group>"; };
		4B7130A32808C565004E52A4 /* SceneDelegate.swift */ = {isa = PBXFileReference; lastKnownFileType = sourcecode.swift; path = SceneDelegate.swift; sourceTree = "<group>"; };
		4B7130A52808C565004E52A4 /* ViewController.swift */ = {isa = PBXFileReference; lastKnownFileType = sourcecode.swift; path = ViewController.swift; sourceTree = "<group>"; };
		4B7130A82808C565004E52A4 /* Base */ = {isa = PBXFileReference; lastKnownFileType = file.storyboard; name = Base; path = Base.lproj/Main.storyboard; sourceTree = "<group>"; };
		4B7130AB2808C565004E52A4 /* PageViewController.xcdatamodel */ = {isa = PBXFileReference; lastKnownFileType = wrapper.xcdatamodel; path = PageViewController.xcdatamodel; sourceTree = "<group>"; };
		4B7130AD2808C568004E52A4 /* Assets.xcassets */ = {isa = PBXFileReference; lastKnownFileType = folder.assetcatalog; path = Assets.xcassets; sourceTree = "<group>"; };
		4B7130B02808C568004E52A4 /* Base */ = {isa = PBXFileReference; lastKnownFileType = file.storyboard; name = Base; path = Base.lproj/LaunchScreen.storyboard; sourceTree = "<group>"; };
		4B7130B22808C568004E52A4 /* Info.plist */ = {isa = PBXFileReference; lastKnownFileType = text.plist.xml; path = Info.plist; sourceTree = "<group>"; };
		4B7130B72808C568004E52A4 /* PageViewControllerTests.xctest */ = {isa = PBXFileReference; explicitFileType = wrapper.cfbundle; includeInIndex = 0; path = PageViewControllerTests.xctest; sourceTree = BUILT_PRODUCTS_DIR; };
		4B7130BB2808C568004E52A4 /* PageViewControllerTests.swift */ = {isa = PBXFileReference; lastKnownFileType = sourcecode.swift; path = PageViewControllerTests.swift; sourceTree = "<group>"; };
		4B7130C12808C568004E52A4 /* PageViewControllerUITests.xctest */ = {isa = PBXFileReference; explicitFileType = wrapper.cfbundle; includeInIndex = 0; path = PageViewControllerUITests.xctest; sourceTree = BUILT_PRODUCTS_DIR; };
		4B7130C52808C568004E52A4 /* PageViewControllerUITests.swift */ = {isa = PBXFileReference; lastKnownFileType = sourcecode.swift; path = PageViewControllerUITests.swift; sourceTree = "<group>"; };
		4B7130C72808C568004E52A4 /* PageViewControllerUITestsLaunchTests.swift */ = {isa = PBXFileReference; lastKnownFileType = sourcecode.swift; path = PageViewControllerUITestsLaunchTests.swift; sourceTree = "<group>"; };
		4B7130D42808C5DB004E52A4 /* CreateAccountPopupModel.swift */ = {isa = PBXFileReference; fileEncoding = 4; lastKnownFileType = sourcecode.swift; path = CreateAccountPopupModel.swift; sourceTree = "<group>"; };
		4B7130D62808C5F2004E52A4 /* CreateAccountPageViewController.xib */ = {isa = PBXFileReference; fileEncoding = 4; lastKnownFileType = file.xib; path = CreateAccountPageViewController.xib; sourceTree = "<group>"; };
		4B7130D72808C5F2004E52A4 /* CreateAccountPopupViewController.xib */ = {isa = PBXFileReference; fileEncoding = 4; lastKnownFileType = file.xib; path = CreateAccountPopupViewController.xib; sourceTree = "<group>"; };
		4B7130D82808C5F2004E52A4 /* CreateAccountPopupViewController.swift */ = {isa = PBXFileReference; fileEncoding = 4; lastKnownFileType = sourcecode.swift; path = CreateAccountPopupViewController.swift; sourceTree = "<group>"; };
		4B7130D92808C5F2004E52A4 /* CreateAccountPageViewController.swift */ = {isa = PBXFileReference; fileEncoding = 4; lastKnownFileType = sourcecode.swift; path = CreateAccountPageViewController.swift; sourceTree = "<group>"; };
		4B7130DE2808C756004E52A4 /* EpicImageLabelStackView.swift */ = {isa = PBXFileReference; fileEncoding = 4; lastKnownFileType = sourcecode.swift; path = EpicImageLabelStackView.swift; sourceTree = "<group>"; };
		4B7130DF2808C756004E52A4 /* EpicImageLabelStackView.xib */ = {isa = PBXFileReference; fileEncoding = 4; lastKnownFileType = file.xib; path = EpicImageLabelStackView.xib; sourceTree = "<group>"; };
		4B7130E22808C85A004E52A4 /* EpicTimerModel.swift */ = {isa = PBXFileReference; fileEncoding = 4; lastKnownFileType = sourcecode.swift; path = EpicTimerModel.swift; sourceTree = "<group>"; };
		4B7130E42808C88C004E52A4 /* ScrollFormViewController.swift */ = {isa = PBXFileReference; fileEncoding = 4; lastKnownFileType = sourcecode.swift; path = ScrollFormViewController.swift; sourceTree = "<group>"; };
		4B7130EC2808CCAE004E52A4 /* ExtensionUIView.swift */ = {isa = PBXFileReference; lastKnownFileType = sourcecode.swift; path = ExtensionUIView.swift; sourceTree = "<group>"; };
/* End PBXFileReference section */

/* Begin PBXFrameworksBuildPhase section */
		4B71309B2808C565004E52A4 /* Frameworks */ = {
			isa = PBXFrameworksBuildPhase;
			buildActionMask = 2147483647;
			files = (
			);
			runOnlyForDeploymentPostprocessing = 0;
		};
		4B7130B42808C568004E52A4 /* Frameworks */ = {
			isa = PBXFrameworksBuildPhase;
			buildActionMask = 2147483647;
			files = (
			);
			runOnlyForDeploymentPostprocessing = 0;
		};
		4B7130BE2808C568004E52A4 /* Frameworks */ = {
			isa = PBXFrameworksBuildPhase;
			buildActionMask = 2147483647;
			files = (
			);
			runOnlyForDeploymentPostprocessing = 0;
		};
/* End PBXFrameworksBuildPhase section */

/* Begin PBXGroup section */
		4B7130952808C564004E52A4 = {
			isa = PBXGroup;
			children = (
				4B7130A02808C565004E52A4 /* PageViewController */,
				4B7130BA2808C568004E52A4 /* PageViewControllerTests */,
				4B7130C42808C568004E52A4 /* PageViewControllerUITests */,
				4B71309F2808C565004E52A4 /* Products */,
			);
			sourceTree = "<group>";
		};
		4B71309F2808C565004E52A4 /* Products */ = {
			isa = PBXGroup;
			children = (
				4B71309E2808C565004E52A4 /* PageViewController.app */,
				4B7130B72808C568004E52A4 /* PageViewControllerTests.xctest */,
				4B7130C12808C568004E52A4 /* PageViewControllerUITests.xctest */,
			);
			name = Products;
			sourceTree = "<group>";
		};
		4B7130A02808C565004E52A4 /* PageViewController */ = {
			isa = PBXGroup;
			children = (
				4B7130A12808C565004E52A4 /* AppDelegate.swift */,
				4B7130A32808C565004E52A4 /* SceneDelegate.swift */,
				4B7130E22808C85A004E52A4 /* EpicTimerModel.swift */,
				4B7130DE2808C756004E52A4 /* EpicImageLabelStackView.swift */,
				4B7130DF2808C756004E52A4 /* EpicImageLabelStackView.xib */,
				4B7130D42808C5DB004E52A4 /* CreateAccountPopupModel.swift */,
				4B7130D92808C5F2004E52A4 /* CreateAccountPageViewController.swift */,
				4B7130D62808C5F2004E52A4 /* CreateAccountPageViewController.xib */,
				4B7130D82808C5F2004E52A4 /* CreateAccountPopupViewController.swift */,
				4B7130D72808C5F2004E52A4 /* CreateAccountPopupViewController.xib */,
				4B7130E42808C88C004E52A4 /* ScrollFormViewController.swift */,
				4B7130A52808C565004E52A4 /* ViewController.swift */,
				4B7130A72808C565004E52A4 /* Main.storyboard */,
				4B7130AD2808C568004E52A4 /* Assets.xcassets */,
				4B7130AF2808C568004E52A4 /* LaunchScreen.storyboard */,
				4B7130B22808C568004E52A4 /* Info.plist */,
				4B7130AA2808C565004E52A4 /* PageViewController.xcdatamodeld */,
				4B7130EC2808CCAE004E52A4 /* ExtensionUIView.swift */,
			);
			path = PageViewController;
			sourceTree = "<group>";
		};
		4B7130BA2808C568004E52A4 /* PageViewControllerTests */ = {
			isa = PBXGroup;
			children = (
				4B7130BB2808C568004E52A4 /* PageViewControllerTests.swift */,
			);
			path = PageViewControllerTests;
			sourceTree = "<group>";
		};
		4B7130C42808C568004E52A4 /* PageViewControllerUITests */ = {
			isa = PBXGroup;
			children = (
				4B7130C52808C568004E52A4 /* PageViewControllerUITests.swift */,
				4B7130C72808C568004E52A4 /* PageViewControllerUITestsLaunchTests.swift */,
			);
			path = PageViewControllerUITests;
			sourceTree = "<group>";
		};
/* End PBXGroup section */

/* Begin PBXNativeTarget section */
		4B71309D2808C565004E52A4 /* PageViewController */ = {
			isa = PBXNativeTarget;
			buildConfigurationList = 4B7130CB2808C568004E52A4 /* Build configuration list for PBXNativeTarget "PageViewController" */;
			buildPhases = (
				4B71309A2808C565004E52A4 /* Sources */,
				4B71309B2808C565004E52A4 /* Frameworks */,
				4B71309C2808C565004E52A4 /* Resources */,
			);
			buildRules = (
			);
			dependencies = (
			);
			name = PageViewController;
			productName = PageViewController;
			productReference = 4B71309E2808C565004E52A4 /* PageViewController.app */;
			productType = "com.apple.product-type.application";
		};
		4B7130B62808C568004E52A4 /* PageViewControllerTests */ = {
			isa = PBXNativeTarget;
			buildConfigurationList = 4B7130CE2808C568004E52A4 /* Build configuration list for PBXNativeTarget "PageViewControllerTests" */;
			buildPhases = (
				4B7130B32808C568004E52A4 /* Sources */,
				4B7130B42808C568004E52A4 /* Frameworks */,
				4B7130B52808C568004E52A4 /* Resources */,
			);
			buildRules = (
			);
			dependencies = (
				4B7130B92808C568004E52A4 /* PBXTargetDependency */,
			);
			name = PageViewControllerTests;
			productName = PageViewControllerTests;
			productReference = 4B7130B72808C568004E52A4 /* PageViewControllerTests.xctest */;
			productType = "com.apple.product-type.bundle.unit-test";
		};
		4B7130C02808C568004E52A4 /* PageViewControllerUITests */ = {
			isa = PBXNativeTarget;
			buildConfigurationList = 4B7130D12808C568004E52A4 /* Build configuration list for PBXNativeTarget "PageViewControllerUITests" */;
			buildPhases = (
				4B7130BD2808C568004E52A4 /* Sources */,
				4B7130BE2808C568004E52A4 /* Frameworks */,
				4B7130BF2808C568004E52A4 /* Resources */,
			);
			buildRules = (
			);
			dependencies = (
				4B7130C32808C568004E52A4 /* PBXTargetDependency */,
			);
			name = PageViewControllerUITests;
			productName = PageViewControllerUITests;
			productReference = 4B7130C12808C568004E52A4 /* PageViewControllerUITests.xctest */;
			productType = "com.apple.product-type.bundle.ui-testing";
		};
/* End PBXNativeTarget section */

/* Begin PBXProject section */
		4B7130962808C564004E52A4 /* Project object */ = {
			isa = PBXProject;
			attributes = {
				BuildIndependentTargetsInParallel = 1;
				LastSwiftUpdateCheck = 1330;
				LastUpgradeCheck = 1330;
				TargetAttributes = {
					4B71309D2808C565004E52A4 = {
						CreatedOnToolsVersion = 13.3;
					};
					4B7130B62808C568004E52A4 = {
						CreatedOnToolsVersion = 13.3;
						TestTargetID = 4B71309D2808C565004E52A4;
					};
					4B7130C02808C568004E52A4 = {
						CreatedOnToolsVersion = 13.3;
						TestTargetID = 4B71309D2808C565004E52A4;
					};
				};
			};
			buildConfigurationList = 4B7130992808C564004E52A4 /* Build configuration list for PBXProject "PageViewController" */;
			compatibilityVersion = "Xcode 13.0";
			developmentRegion = en;
			hasScannedForEncodings = 0;
			knownRegions = (
				en,
				Base,
			);
			mainGroup = 4B7130952808C564004E52A4;
			productRefGroup = 4B71309F2808C565004E52A4 /* Products */;
			projectDirPath = "";
			projectRoot = "";
			targets = (
				4B71309D2808C565004E52A4 /* PageViewController */,
				4B7130B62808C568004E52A4 /* PageViewControllerTests */,
				4B7130C02808C568004E52A4 /* PageViewControllerUITests */,
			);
		};
/* End PBXProject section */

/* Begin PBXResourcesBuildPhase section */
		4B71309C2808C565004E52A4 /* Resources */ = {
			isa = PBXResourcesBuildPhase;
			buildActionMask = 2147483647;
			files = (
				4B7130DB2808C5F2004E52A4 /* CreateAccountPopupViewController.xib in Resources */,
				4B7130B12808C568004E52A4 /* LaunchScreen.storyboard in Resources */,
				4B7130DA2808C5F2004E52A4 /* CreateAccountPageViewController.xib in Resources */,
				4B7130AE2808C568004E52A4 /* Assets.xcassets in Resources */,
				4B7130A92808C565004E52A4 /* Main.storyboard in Resources */,
				4B7130E12808C756004E52A4 /* EpicImageLabelStackView.xib in Resources */,
			);
			runOnlyForDeploymentPostprocessing = 0;
		};
		4B7130B52808C568004E52A4 /* Resources */ = {
			isa = PBXResourcesBuildPhase;
			buildActionMask = 2147483647;
			files = (
			);
			runOnlyForDeploymentPostprocessing = 0;
		};
		4B7130BF2808C568004E52A4 /* Resources */ = {
			isa = PBXResourcesBuildPhase;
			buildActionMask = 2147483647;
			files = (
			);
			runOnlyForDeploymentPostprocessing = 0;
		};
/* End PBXResourcesBuildPhase section */

/* Begin PBXSourcesBuildPhase section */
		4B71309A2808C565004E52A4 /* Sources */ = {
			isa = PBXSourcesBuildPhase;
			buildActionMask = 2147483647;
			files = (
				4B7130A62808C565004E52A4 /* ViewController.swift in Sources */,
				4B7130E52808C88C004E52A4 /* ScrollFormViewController.swift in Sources */,
				4B7130A22808C565004E52A4 /* AppDelegate.swift in Sources */,
				4B7130A42808C565004E52A4 /* SceneDelegate.swift in Sources */,
				4B7130DC2808C5F2004E52A4 /* CreateAccountPopupViewController.swift in Sources */,
				4B7130D52808C5DB004E52A4 /* CreateAccountPopupModel.swift in Sources */,
				4B7130ED2808CCAE004E52A4 /* ExtensionUIView.swift in Sources */,
				4B7130E02808C756004E52A4 /* EpicImageLabelStackView.swift in Sources */,
				4B7130AC2808C565004E52A4 /* PageViewController.xcdatamodeld in Sources */,
				4B7130E32808C85A004E52A4 /* EpicTimerModel.swift in Sources */,
				4B7130DD2808C5F2004E52A4 /* CreateAccountPageViewController.swift in Sources */,
			);
			runOnlyForDeploymentPostprocessing = 0;
		};
		4B7130B32808C568004E52A4 /* Sources */ = {
			isa = PBXSourcesBuildPhase;
			buildActionMask = 2147483647;
			files = (
				4B7130BC2808C568004E52A4 /* PageViewControllerTests.swift in Sources */,
			);
			runOnlyForDeploymentPostprocessing = 0;
		};
		4B7130BD2808C568004E52A4 /* Sources */ = {
			isa = PBXSourcesBuildPhase;
			buildActionMask = 2147483647;
			files = (
				4B7130C82808C568004E52A4 /* PageViewControllerUITestsLaunchTests.swift in Sources */,
				4B7130C62808C568004E52A4 /* PageViewControllerUITests.swift in Sources */,
			);
			runOnlyForDeploymentPostprocessing = 0;
		};
/* End PBXSourcesBuildPhase section */

/* Begin PBXTargetDependency section */
		4B7130B92808C568004E52A4 /* PBXTargetDependency */ = {
			isa = PBXTargetDependency;
			target = 4B71309D2808C565004E52A4 /* PageViewController */;
			targetProxy = 4B7130B82808C568004E52A4 /* PBXContainerItemProxy */;
		};
		4B7130C32808C568004E52A4 /* PBXTargetDependency */ = {
			isa = PBXTargetDependency;
			target = 4B71309D2808C565004E52A4 /* PageViewController */;
			targetProxy = 4B7130C22808C568004E52A4 /* PBXContainerItemProxy */;
		};
/* End PBXTargetDependency section */

/* Begin PBXVariantGroup section */
		4B7130A72808C565004E52A4 /* Main.storyboard */ = {
			isa = PBXVariantGroup;
			children = (
				4B7130A82808C565004E52A4 /* Base */,
			);
			name = Main.storyboard;
			sourceTree = "<group>";
		};
		4B7130AF2808C568004E52A4 /* LaunchScreen.storyboard */ = {
			isa = PBXVariantGroup;
			children = (
				4B7130B02808C568004E52A4 /* Base */,
			);
			name = LaunchScreen.storyboard;
			sourceTree = "<group>";
		};
/* End PBXVariantGroup section */

/* Begin XCBuildConfiguration section */
		4B7130C92808C568004E52A4 /* Debug */ = {
			isa = XCBuildConfiguration;
			buildSettings = {
				ALWAYS_SEARCH_USER_PATHS = NO;
				CLANG_ANALYZER_NONNULL = YES;
				CLANG_ANALYZER_NUMBER_OBJECT_CONVERSION = YES_AGGRESSIVE;
				CLANG_CXX_LANGUAGE_STANDARD = "gnu++17";
				CLANG_ENABLE_MODULES = YES;
				CLANG_ENABLE_OBJC_ARC = YES;
				CLANG_ENABLE_OBJC_WEAK = YES;
				CLANG_WARN_BLOCK_CAPTURE_AUTORELEASING = YES;
				CLANG_WARN_BOOL_CONVERSION = YES;
				CLANG_WARN_COMMA = YES;
				CLANG_WARN_CONSTANT_CONVERSION = YES;
				CLANG_WARN_DEPRECATED_OBJC_IMPLEMENTATIONS = YES;
				CLANG_WARN_DIRECT_OBJC_ISA_USAGE = YES_ERROR;
				CLANG_WARN_DOCUMENTATION_COMMENTS = YES;
				CLANG_WARN_EMPTY_BODY = YES;
				CLANG_WARN_ENUM_CONVERSION = YES;
				CLANG_WARN_INFINITE_RECURSION = YES;
				CLANG_WARN_INT_CONVERSION = YES;
				CLANG_WARN_NON_LITERAL_NULL_CONVERSION = YES;
				CLANG_WARN_OBJC_IMPLICIT_RETAIN_SELF = YES;
				CLANG_WARN_OBJC_LITERAL_CONVERSION = YES;
				CLANG_WARN_OBJC_ROOT_CLASS = YES_ERROR;
				CLANG_WARN_QUOTED_INCLUDE_IN_FRAMEWORK_HEADER = YES;
				CLANG_WARN_RANGE_LOOP_ANALYSIS = YES;
				CLANG_WARN_STRICT_PROTOTYPES = YES;
				CLANG_WARN_SUSPICIOUS_MOVE = YES;
				CLANG_WARN_UNGUARDED_AVAILABILITY = YES_AGGRESSIVE;
				CLANG_WARN_UNREACHABLE_CODE = YES;
				CLANG_WARN__DUPLICATE_METHOD_MATCH = YES;
				COPY_PHASE_STRIP = NO;
				DEBUG_INFORMATION_FORMAT = dwarf;
				ENABLE_STRICT_OBJC_MSGSEND = YES;
				ENABLE_TESTABILITY = YES;
				GCC_C_LANGUAGE_STANDARD = gnu11;
				GCC_DYNAMIC_NO_PIC = NO;
				GCC_NO_COMMON_BLOCKS = YES;
				GCC_OPTIMIZATION_LEVEL = 0;
				GCC_PREPROCESSOR_DEFINITIONS = (
					"DEBUG=1",
					"$(inherited)",
				);
				GCC_WARN_64_TO_32_BIT_CONVERSION = YES;
				GCC_WARN_ABOUT_RETURN_TYPE = YES_ERROR;
				GCC_WARN_UNDECLARED_SELECTOR = YES;
				GCC_WARN_UNINITIALIZED_AUTOS = YES_AGGRESSIVE;
				GCC_WARN_UNUSED_FUNCTION = YES;
				GCC_WARN_UNUSED_VARIABLE = YES;
				IPHONEOS_DEPLOYMENT_TARGET = 15.4;
				MTL_ENABLE_DEBUG_INFO = INCLUDE_SOURCE;
				MTL_FAST_MATH = YES;
				ONLY_ACTIVE_ARCH = YES;
				SDKROOT = iphoneos;
				SWIFT_ACTIVE_COMPILATION_CONDITIONS = DEBUG;
				SWIFT_OPTIMIZATION_LEVEL = "-Onone";
			};
			name = Debug;
		};
		4B7130CA2808C568004E52A4 /* Release */ = {
			isa = XCBuildConfiguration;
			buildSettings = {
				ALWAYS_SEARCH_USER_PATHS = NO;
				CLANG_ANALYZER_NONNULL = YES;
				CLANG_ANALYZER_NUMBER_OBJECT_CONVERSION = YES_AGGRESSIVE;
				CLANG_CXX_LANGUAGE_STANDARD = "gnu++17";
				CLANG_ENABLE_MODULES = YES;
				CLANG_ENABLE_OBJC_ARC = YES;
				CLANG_ENABLE_OBJC_WEAK = YES;
				CLANG_WARN_BLOCK_CAPTURE_AUTORELEASING = YES;
				CLANG_WARN_BOOL_CONVERSION = YES;
				CLANG_WARN_COMMA = YES;
				CLANG_WARN_CONSTANT_CONVERSION = YES;
				CLANG_WARN_DEPRECATED_OBJC_IMPLEMENTATIONS = YES;
				CLANG_WARN_DIRECT_OBJC_ISA_USAGE = YES_ERROR;
				CLANG_WARN_DOCUMENTATION_COMMENTS = YES;
				CLANG_WARN_EMPTY_BODY = YES;
				CLANG_WARN_ENUM_CONVERSION = YES;
				CLANG_WARN_INFINITE_RECURSION = YES;
				CLANG_WARN_INT_CONVERSION = YES;
				CLANG_WARN_NON_LITERAL_NULL_CONVERSION = YES;
				CLANG_WARN_OBJC_IMPLICIT_RETAIN_SELF = YES;
				CLANG_WARN_OBJC_LITERAL_CONVERSION = YES;
				CLANG_WARN_OBJC_ROOT_CLASS = YES_ERROR;
				CLANG_WARN_QUOTED_INCLUDE_IN_FRAMEWORK_HEADER = YES;
				CLANG_WARN_RANGE_LOOP_ANALYSIS = YES;
				CLANG_WARN_STRICT_PROTOTYPES = YES;
				CLANG_WARN_SUSPICIOUS_MOVE = YES;
				CLANG_WARN_UNGUARDED_AVAILABILITY = YES_AGGRESSIVE;
				CLANG_WARN_UNREACHABLE_CODE = YES;
				CLANG_WARN__DUPLICATE_METHOD_MATCH = YES;
				COPY_PHASE_STRIP = NO;
				DEBUG_INFORMATION_FORMAT = "dwarf-with-dsym";
				ENABLE_NS_ASSERTIONS = NO;
				ENABLE_STRICT_OBJC_MSGSEND = YES;
				GCC_C_LANGUAGE_STANDARD = gnu11;
				GCC_NO_COMMON_BLOCKS = YES;
				GCC_WARN_64_TO_32_BIT_CONVERSION = YES;
				GCC_WARN_ABOUT_RETURN_TYPE = YES_ERROR;
				GCC_WARN_UNDECLARED_SELECTOR = YES;
				GCC_WARN_UNINITIALIZED_AUTOS = YES_AGGRESSIVE;
				GCC_WARN_UNUSED_FUNCTION = YES;
				GCC_WARN_UNUSED_VARIABLE = YES;
				IPHONEOS_DEPLOYMENT_TARGET = 15.4;
				MTL_ENABLE_DEBUG_INFO = NO;
				MTL_FAST_MATH = YES;
				SDKROOT = iphoneos;
				SWIFT_COMPILATION_MODE = wholemodule;
				SWIFT_OPTIMIZATION_LEVEL = "-O";
				VALIDATE_PRODUCT = YES;
			};
			name = Release;
		};
		4B7130CC2808C568004E52A4 /* Debug */ = {
			isa = XCBuildConfiguration;
			buildSettings = {
				ASSETCATALOG_COMPILER_APPICON_NAME = AppIcon;
				ASSETCATALOG_COMPILER_GLOBAL_ACCENT_COLOR_NAME = AccentColor;
				CODE_SIGN_STYLE = Automatic;
				CURRENT_PROJECT_VERSION = 1;
				DEBUG_INFORMATION_FORMAT = "dwarf-with-dsym";
				DEVELOPMENT_TEAM = 72U296NY4T;
				GENERATE_INFOPLIST_FILE = YES;
				INFOPLIST_FILE = PageViewController/Info.plist;
				INFOPLIST_KEY_UIApplicationSupportsIndirectInputEvents = YES;
				INFOPLIST_KEY_UILaunchStoryboardName = LaunchScreen;
				INFOPLIST_KEY_UIMainStoryboardFile = Main;
				INFOPLIST_KEY_UISupportedInterfaceOrientations_iPad = "UIInterfaceOrientationPortrait UIInterfaceOrientationPortraitUpsideDown UIInterfaceOrientationLandscapeLeft UIInterfaceOrientationLandscapeRight";
				INFOPLIST_KEY_UISupportedInterfaceOrientations_iPhone = "UIInterfaceOrientationPortrait UIInterfaceOrientationLandscapeLeft UIInterfaceOrientationLandscapeRight";
				LD_RUNPATH_SEARCH_PATHS = (
					"$(inherited)",
					"@executable_path/Frameworks",
				);
				MARKETING_VERSION = 1.0;
				PRODUCT_BUNDLE_IDENTIFIER = "com.gopal-iOS.PageViewController";
				PRODUCT_NAME = "$(TARGET_NAME)";
				SWIFT_EMIT_LOC_STRINGS = YES;
				SWIFT_VERSION = 5.0;
				TARGETED_DEVICE_FAMILY = "1,2";
			};
			name = Debug;
		};
		4B7130CD2808C568004E52A4 /* Release */ = {
			isa = XCBuildConfiguration;
			buildSettings = {
				ASSETCATALOG_COMPILER_APPICON_NAME = AppIcon;
				ASSETCATALOG_COMPILER_GLOBAL_ACCENT_COLOR_NAME = AccentColor;
				CODE_SIGN_STYLE = Automatic;
				CURRENT_PROJECT_VERSION = 1;
				DEVELOPMENT_TEAM = 72U296NY4T;
				GENERATE_INFOPLIST_FILE = YES;
				INFOPLIST_FILE = PageViewController/Info.plist;
				INFOPLIST_KEY_UIApplicationSupportsIndirectInputEvents = YES;
				INFOPLIST_KEY_UILaunchStoryboardName = LaunchScreen;
				INFOPLIST_KEY_UIMainStoryboardFile = Main;
				INFOPLIST_KEY_UISupportedInterfaceOrientations_iPad = "UIInterfaceOrientationPortrait UIInterfaceOrientationPortraitUpsideDown UIInterfaceOrientationLandscapeLeft UIInterfaceOrientationLandscapeRight";
				INFOPLIST_KEY_UISupportedInterfaceOrientations_iPhone = "UIInterfaceOrientationPortrait UIInterfaceOrientationLandscapeLeft UIInterfaceOrientationLandscapeRight";
				LD_RUNPATH_SEARCH_PATHS = (
					"$(inherited)",
					"@executable_path/Frameworks",
				);
				MARKETING_VERSION = 1.0;
				PRODUCT_BUNDLE_IDENTIFIER = "com.gopal-iOS.PageViewController";
				PRODUCT_NAME = "$(TARGET_NAME)";
				SWIFT_EMIT_LOC_STRINGS = YES;
				SWIFT_VERSION = 5.0;
				TARGETED_DEVICE_FAMILY = "1,2";
			};
			name = Release;
		};
		4B7130CF2808C568004E52A4 /* Debug */ = {
			isa = XCBuildConfiguration;
			buildSettings = {
				ALWAYS_EMBED_SWIFT_STANDARD_LIBRARIES = YES;
				BUNDLE_LOADER = "$(TEST_HOST)";
				CODE_SIGN_STYLE = Automatic;
				CURRENT_PROJECT_VERSION = 1;
				DEVELOPMENT_TEAM = 72U296NY4T;
				GENERATE_INFOPLIST_FILE = YES;
				IPHONEOS_DEPLOYMENT_TARGET = 15.4;
				MARKETING_VERSION = 1.0;
				PRODUCT_BUNDLE_IDENTIFIER = "com.gopal-iOS.PageViewControllerTests";
				PRODUCT_NAME = "$(TARGET_NAME)";
				SWIFT_EMIT_LOC_STRINGS = NO;
				SWIFT_VERSION = 5.0;
				TARGETED_DEVICE_FAMILY = "1,2";
				TEST_HOST = "$(BUILT_PRODUCTS_DIR)/PageViewController.app/PageViewController";
			};
			name = Debug;
		};
		4B7130D02808C568004E52A4 /* Release */ = {
			isa = XCBuildConfiguration;
			buildSettings = {
				ALWAYS_EMBED_SWIFT_STANDARD_LIBRARIES = YES;
				BUNDLE_LOADER = "$(TEST_HOST)";
				CODE_SIGN_STYLE = Automatic;
				CURRENT_PROJECT_VERSION = 1;
				DEVELOPMENT_TEAM = 72U296NY4T;
				GENERATE_INFOPLIST_FILE = YES;
				IPHONEOS_DEPLOYMENT_TARGET = 15.4;
				MARKETING_VERSION = 1.0;
				PRODUCT_BUNDLE_IDENTIFIER = "com.gopal-iOS.PageViewControllerTests";
				PRODUCT_NAME = "$(TARGET_NAME)";
				SWIFT_EMIT_LOC_STRINGS = NO;
				SWIFT_VERSION = 5.0;
				TARGETED_DEVICE_FAMILY = "1,2";
				TEST_HOST = "$(BUILT_PRODUCTS_DIR)/PageViewController.app/PageViewController";
			};
			name = Release;
		};
		4B7130D22808C568004E52A4 /* Debug */ = {
			isa = XCBuildConfiguration;
			buildSettings = {
				ALWAYS_EMBED_SWIFT_STANDARD_LIBRARIES = YES;
				CODE_SIGN_STYLE = Automatic;
				CURRENT_PROJECT_VERSION = 1;
				DEVELOPMENT_TEAM = 72U296NY4T;
				GENERATE_INFOPLIST_FILE = YES;
				MARKETING_VERSION = 1.0;
				PRODUCT_BUNDLE_IDENTIFIER = "com.gopal-iOS.PageViewControllerUITests";
				PRODUCT_NAME = "$(TARGET_NAME)";
				SWIFT_EMIT_LOC_STRINGS = NO;
				SWIFT_VERSION = 5.0;
				TARGETED_DEVICE_FAMILY = "1,2";
				TEST_TARGET_NAME = PageViewController;
			};
			name = Debug;
		};
		4B7130D32808C568004E52A4 /* Release */ = {
			isa = XCBuildConfiguration;
			buildSettings = {
				ALWAYS_EMBED_SWIFT_STANDARD_LIBRARIES = YES;
				CODE_SIGN_STYLE = Automatic;
				CURRENT_PROJECT_VERSION = 1;
				DEVELOPMENT_TEAM = 72U296NY4T;
				GENERATE_INFOPLIST_FILE = YES;
				MARKETING_VERSION = 1.0;
				PRODUCT_BUNDLE_IDENTIFIER = "com.gopal-iOS.PageViewControllerUITests";
				PRODUCT_NAME = "$(TARGET_NAME)";
				SWIFT_EMIT_LOC_STRINGS = NO;
				SWIFT_VERSION = 5.0;
				TARGETED_DEVICE_FAMILY = "1,2";
				TEST_TARGET_NAME = PageViewController;
			};
			name = Release;
		};
/* End XCBuildConfiguration section */

/* Begin XCConfigurationList section */
		4B7130992808C564004E52A4 /* Build configuration list for PBXProject "PageViewController" */ = {
			isa = XCConfigurationList;
			buildConfigurations = (
				4B7130C92808C568004E52A4 /* Debug */,
				4B7130CA2808C568004E52A4 /* Release */,
			);
			defaultConfigurationIsVisible = 0;
			defaultConfigurationName = Release;
		};
		4B7130CB2808C568004E52A4 /* Build configuration list for PBXNativeTarget "PageViewController" */ = {
			isa = XCConfigurationList;
			buildConfigurations = (
				4B7130CC2808C568004E52A4 /* Debug */,
				4B7130CD2808C568004E52A4 /* Release */,
			);
			defaultConfigurationIsVisible = 0;
			defaultConfigurationName = Release;
		};
		4B7130CE2808C568004E52A4 /* Build configuration list for PBXNativeTarget "PageViewControllerTests" */ = {
			isa = XCConfigurationList;
			buildConfigurations = (
				4B7130CF2808C568004E52A4 /* Debug */,
				4B7130D02808C568004E52A4 /* Release */,
			);
			defaultConfigurationIsVisible = 0;
			defaultConfigurationName = Release;
		};
		4B7130D12808C568004E52A4 /* Build configuration list for PBXNativeTarget "PageViewControllerUITests" */ = {
			isa = XCConfigurationList;
			buildConfigurations = (
				4B7130D22808C568004E52A4 /* Debug */,
				4B7130D32808C568004E52A4 /* Release */,
			);
			defaultConfigurationIsVisible = 0;
			defaultConfigurationName = Release;
		};
/* End XCConfigurationList section */

/* Begin XCVersionGroup section */
		4B7130AA2808C565004E52A4 /* PageViewController.xcdatamodeld */ = {
			isa = XCVersionGroup;
			children = (
				4B7130AB2808C565004E52A4 /* PageViewController.xcdatamodel */,
			);
			currentVersion = 4B7130AB2808C565004E52A4 /* PageViewController.xcdatamodel */;
			path = PageViewController.xcdatamodeld;
			sourceTree = "<group>";
			versionGroupType = wrapper.xcdatamodel;
		};
/* End XCVersionGroup section */
	};
	rootObject = 4B7130962808C564004E52A4 /* Project object */;
}
